
Microsoft Visual Studio Solution File, Format Version 12.00
# Visual Studio Version 17
VisualStudioVersion = 17.1.32328.378
MinimumVisualStudioVersion = 10.0.40219.1
Project("{9A19103F-16F7-4668-BE54-9A1E7A4F7556}") = "MagicVilla_VillaAPI", "MagicVilla_VillaAPI\MagicVilla_VillaAPI.csproj", "{E0144085-F0B8-4C05-9302-1B89B7E2C745}"
EndProject
Project("{FAE04EC0-301F-11D3-BF4B-00C04F79EFBC}") = "MagicVilla_web", "MagicVilla_web\MagicVilla_web.csproj", "{38E2CBF0-7E03-4833-9FED-B522B84AFCE0}"
EndProject
Global
	GlobalSection(SolutionConfigurationPlatforms) = preSolution
		Debug|Any CPU = Debug|Any CPU
		Release|Any CPU = Release|Any CPU
	EndGlobalSection
	GlobalSection(ProjectConfigurationPlatforms) = postSolution
		{E0144085-F0B8-4C05-9302-1B89B7E2C745}.Debug|Any CPU.ActiveCfg = Debug|Any CPU
		{E0144085-F0B8-4C05-9302-1B89B7E2C745}.Debug|Any CPU.Build.0 = Debug|Any CPU
		{E0144085-F0B8-4C05-9302-1B89B7E2C745}.Release|Any CPU.ActiveCfg = Release|Any CPU
		{E0144085-F0B8-4C05-9302-1B89B7E2C745}.Release|Any CPU.Build.0 = Release|Any CPU
		{38E2CBF0-7E03-4833-9FED-B522B84AFCE0}.Debug|Any CPU.ActiveCfg = Debug|Any CPU
		{38E2CBF0-7E03-4833-9FED-B522B84AFCE0}.Debug|Any CPU.Build.0 = Debug|Any CPU
		{38E2CBF0-7E03-4833-9FED-B522B84AFCE0}.Release|Any CPU.ActiveCfg = Release|Any CPU
		{38E2CBF0-7E03-4833-9FED-B522B84AFCE0}.Release|Any CPU.Build.0 = Release|Any CPU
	EndGlobalSection
	GlobalSection(SolutionProperties) = preSolution
		HideSolutionNode = FALSE
	EndGlobalSection
	GlobalSection(ExtensibilityGlobals) = postSolution
		SolutionGuid = {48567655-B293-4601-8F37-6E41D18351E1}
	EndGlobalSection
EndGlobal
